
Microsoft Visual Studio Solution File, Format Version 12.00
# Visual Studio Version 16
VisualStudioVersion = 16.0.29609.76
MinimumVisualStudioVersion = 10.0.40219.1
Project("{FAE04EC0-301F-11D3-BF4B-00C04F79EFBC}") = "WarriorWars", "WarriorWars.csproj", "{6391F7A0-1BB9-4024-8009-6E1B20455E54}"
EndProject
Global
	GlobalSection(SolutionConfigurationPlatforms) = preSolution
		Debug|Any CPU = Debug|Any CPU
		Release|Any CPU = Release|Any CPU
	EndGlobalSection
	GlobalSection(ProjectConfigurationPlatforms) = postSolution
		{6391F7A0-1BB9-4024-8009-6E1B20455E54}.Debug|Any CPU.ActiveCfg = Debug|Any CPU
		{6391F7A0-1BB9-4024-8009-6E1B20455E54}.Debug|Any CPU.Build.0 = Debug|Any CPU
		{6391F7A0-1BB9-4024-8009-6E1B20455E54}.Release|Any CPU.ActiveCfg = Release|Any CPU
		{6391F7A0-1BB9-4024-8009-6E1B20455E54}.Release|Any CPU.Build.0 = Release|Any CPU
	EndGlobalSection
	GlobalSection(SolutionProperties) = preSolution
		HideSolutionNode = FALSE
	EndGlobalSection
	GlobalSection(ExtensibilityGlobals) = postSolution
		SolutionGuid = {0F5AEB4F-7414-45B5-A880-FBA826F17A90}
	EndGlobalSection
EndGlobal
